
Microsoft Visual Studio Solution File, Format Version 12.00
# Visual Studio Version 17
VisualStudioVersion = 17.11.35312.102
MinimumVisualStudioVersion = 10.0.40219.1
Project("{FAE04EC0-301F-11D3-BF4B-00C04F79EFBC}") = "R6UHP1_HSZF_2024251.Console", "R6UHP1_HSZF_2024251\R6UHP1_HSZF_2024251.Console.csproj", "{6938C73C-D344-40CB-815A-06EC277CEE05}"
EndProject
Project("{FAE04EC0-301F-11D3-BF4B-00C04F79EFBC}") = "R6UHP1_HSZF_2024251.Application", "R6UHP1_HSZF_2024251.Application\R6UHP1_HSZF_2024251.Application.csproj", "{BACCF1F6-B7E6-42F5-AD1E-EBE1C3042DE8}"
EndProject
Project("{FAE04EC0-301F-11D3-BF4B-00C04F79EFBC}") = "R6UHP1_HSZF_2024251.Model", "R6UHP1_HSZF_2024251.Model\R6UHP1_HSZF_2024251.Model.csproj", "{D69B09AC-3AEE-452A-AD39-B96608BA8022}"
EndProject
Project("{FAE04EC0-301F-11D3-BF4B-00C04F79EFBC}") = "R6UHP1_HSZF_2024251.Persistence.MsSql", "R6UHP1_HSZF_2024251.Persistence.MsSql\R6UHP1_HSZF_2024251.Persistence.MsSql.csproj", "{9A897ECD-95E1-44A4-95C8-1FFD0E2297EA}"
EndProject
Project("{FAE04EC0-301F-11D3-BF4B-00C04F79EFBC}") = "R6UHP1_HSZF_2024251.Test", "R6UHP1_HSZF_2024251.Test\R6UHP1_HSZF_2024251.Test.csproj", "{770A200F-C863-449E-A4A7-7F93CAF36C6B}"
EndProject
Global
	GlobalSection(SolutionConfigurationPlatforms) = preSolution
		Debug|Any CPU = Debug|Any CPU
		Release|Any CPU = Release|Any CPU
	EndGlobalSection
	GlobalSection(ProjectConfigurationPlatforms) = postSolution
		{6938C73C-D344-40CB-815A-06EC277CEE05}.Debug|Any CPU.ActiveCfg = Debug|Any CPU
		{6938C73C-D344-40CB-815A-06EC277CEE05}.Debug|Any CPU.Build.0 = Debug|Any CPU
		{6938C73C-D344-40CB-815A-06EC277CEE05}.Release|Any CPU.ActiveCfg = Release|Any CPU
		{6938C73C-D344-40CB-815A-06EC277CEE05}.Release|Any CPU.Build.0 = Release|Any CPU
		{BACCF1F6-B7E6-42F5-AD1E-EBE1C3042DE8}.Debug|Any CPU.ActiveCfg = Debug|Any CPU
		{BACCF1F6-B7E6-42F5-AD1E-EBE1C3042DE8}.Debug|Any CPU.Build.0 = Debug|Any CPU
		{BACCF1F6-B7E6-42F5-AD1E-EBE1C3042DE8}.Release|Any CPU.ActiveCfg = Release|Any CPU
		{BACCF1F6-B7E6-42F5-AD1E-EBE1C3042DE8}.Release|Any CPU.Build.0 = Release|Any CPU
		{D69B09AC-3AEE-452A-AD39-B96608BA8022}.Debug|Any CPU.ActiveCfg = Debug|Any CPU
		{D69B09AC-3AEE-452A-AD39-B96608BA8022}.Debug|Any CPU.Build.0 = Debug|Any CPU
		{D69B09AC-3AEE-452A-AD39-B96608BA8022}.Release|Any CPU.ActiveCfg = Release|Any CPU
		{D69B09AC-3AEE-452A-AD39-B96608BA8022}.Release|Any CPU.Build.0 = Release|Any CPU
		{9A897ECD-95E1-44A4-95C8-1FFD0E2297EA}.Debug|Any CPU.ActiveCfg = Debug|Any CPU
		{9A897ECD-95E1-44A4-95C8-1FFD0E2297EA}.Debug|Any CPU.Build.0 = Debug|Any CPU
		{9A897ECD-95E1-44A4-95C8-1FFD0E2297EA}.Release|Any CPU.ActiveCfg = Release|Any CPU
		{9A897ECD-95E1-44A4-95C8-1FFD0E2297EA}.Release|Any CPU.Build.0 = Release|Any CPU
		{770A200F-C863-449E-A4A7-7F93CAF36C6B}.Debug|Any CPU.ActiveCfg = Debug|Any CPU
		{770A200F-C863-449E-A4A7-7F93CAF36C6B}.Debug|Any CPU.Build.0 = Debug|Any CPU
		{770A200F-C863-449E-A4A7-7F93CAF36C6B}.Release|Any CPU.ActiveCfg = Release|Any CPU
		{770A200F-C863-449E-A4A7-7F93CAF36C6B}.Release|Any CPU.Build.0 = Release|Any CPU
	EndGlobalSection
	GlobalSection(SolutionProperties) = preSolution
		HideSolutionNode = FALSE
	EndGlobalSection
	GlobalSection(ExtensibilityGlobals) = postSolution
		SolutionGuid = {056985B7-3834-47E1-B071-8D3DF8C5189E}
	EndGlobalSection
EndGlobal
